
Microsoft Visual Studio Solution File, Format Version 12.00
# Visual Studio Version 17
VisualStudioVersion = 17.11.35222.181
MinimumVisualStudioVersion = 10.0.40219.1
Project("{9A19103F-16F7-4668-BE54-9A1E7A4F7556}") = "KoiKingdomPRN_WPF", "KoiKingdomPRN_WPF\KoiKingdomPRN_WPF.csproj", "{8E0DF3A5-5053-48A4-BBD5-BB275AEE7B44}"
EndProject
Project("{9A19103F-16F7-4668-BE54-9A1E7A4F7556}") = "KoiKingdom_BusinessObject", "KoiKingdom_BusinessObject\KoiKingdom_BusinessObject.csproj", "{530C4A50-DBAC-413C-9513-7F21F9675655}"
EndProject
Project("{9A19103F-16F7-4668-BE54-9A1E7A4F7556}") = "KoiKingdom_DAOs", "KoiKingdom_DAOs\KoiKingdom_DAOs.csproj", "{5756F1F6-C46F-44D8-BF0C-4BC88A86E878}"
EndProject
Project("{9A19103F-16F7-4668-BE54-9A1E7A4F7556}") = "KoiKingdom_Service", "KoiKingdom_Service\KoiKingdom_Service.csproj", "{843C605C-3C1A-466E-83B3-60F6C62C5F2F}"
EndProject
Project("{9A19103F-16F7-4668-BE54-9A1E7A4F7556}") = "KoiKingdom_Repository", "KoiKingdom_Repository\KoiKingdom_Repository.csproj", "{541F701D-3D9B-4F9F-A62D-050C6E824D4B}"
EndProject
Global
	GlobalSection(SolutionConfigurationPlatforms) = preSolution
		Debug|Any CPU = Debug|Any CPU
		Release|Any CPU = Release|Any CPU
	EndGlobalSection
	GlobalSection(ProjectConfigurationPlatforms) = postSolution
		{8E0DF3A5-5053-48A4-BBD5-BB275AEE7B44}.Debug|Any CPU.ActiveCfg = Debug|Any CPU
		{8E0DF3A5-5053-48A4-BBD5-BB275AEE7B44}.Debug|Any CPU.Build.0 = Debug|Any CPU
		{8E0DF3A5-5053-48A4-BBD5-BB275AEE7B44}.Release|Any CPU.ActiveCfg = Release|Any CPU
		{8E0DF3A5-5053-48A4-BBD5-BB275AEE7B44}.Release|Any CPU.Build.0 = Release|Any CPU
		{530C4A50-DBAC-413C-9513-7F21F9675655}.Debug|Any CPU.ActiveCfg = Debug|Any CPU
		{530C4A50-DBAC-413C-9513-7F21F9675655}.Debug|Any CPU.Build.0 = Debug|Any CPU
		{530C4A50-DBAC-413C-9513-7F21F9675655}.Release|Any CPU.ActiveCfg = Release|Any CPU
		{530C4A50-DBAC-413C-9513-7F21F9675655}.Release|Any CPU.Build.0 = Release|Any CPU
		{5756F1F6-C46F-44D8-BF0C-4BC88A86E878}.Debug|Any CPU.ActiveCfg = Debug|Any CPU
		{5756F1F6-C46F-44D8-BF0C-4BC88A86E878}.Debug|Any CPU.Build.0 = Debug|Any CPU
		{5756F1F6-C46F-44D8-BF0C-4BC88A86E878}.Release|Any CPU.ActiveCfg = Release|Any CPU
		{5756F1F6-C46F-44D8-BF0C-4BC88A86E878}.Release|Any CPU.Build.0 = Release|Any CPU
		{843C605C-3C1A-466E-83B3-60F6C62C5F2F}.Debug|Any CPU.ActiveCfg = Debug|Any CPU
		{843C605C-3C1A-466E-83B3-60F6C62C5F2F}.Debug|Any CPU.Build.0 = Debug|Any CPU
		{843C605C-3C1A-466E-83B3-60F6C62C5F2F}.Release|Any CPU.ActiveCfg = Release|Any CPU
		{843C605C-3C1A-466E-83B3-60F6C62C5F2F}.Release|Any CPU.Build.0 = Release|Any CPU
		{541F701D-3D9B-4F9F-A62D-050C6E824D4B}.Debug|Any CPU.ActiveCfg = Debug|Any CPU
		{541F701D-3D9B-4F9F-A62D-050C6E824D4B}.Debug|Any CPU.Build.0 = Debug|Any CPU
		{541F701D-3D9B-4F9F-A62D-050C6E824D4B}.Release|Any CPU.ActiveCfg = Release|Any CPU
		{541F701D-3D9B-4F9F-A62D-050C6E824D4B}.Release|Any CPU.Build.0 = Release|Any CPU
	EndGlobalSection
	GlobalSection(SolutionProperties) = preSolution
		HideSolutionNode = FALSE
	EndGlobalSection
	GlobalSection(ExtensibilityGlobals) = postSolution
		SolutionGuid = {67975628-C4CD-488F-9386-1A92E9578520}
	EndGlobalSection
EndGlobal
